// !$*UTF8*$!
{
	archiveVersion = 1;
	classes = {
	};
	objectVersion = 55;
	objects = {

/* Begin PBXBuildFile section */
		99042FB3283D4E5400B3F02D /* HomeViewController.swift in Sources */ = {isa = PBXBuildFile; fileRef = 99042FB2283D4E5400B3F02D /* HomeViewController.swift */; };
		99042FB6283D507D00B3F02D /* FavouritesCoordinator.swift in Sources */ = {isa = PBXBuildFile; fileRef = 99042FB5283D507D00B3F02D /* FavouritesCoordinator.swift */; };
		99042FB8283D508A00B3F02D /* FavouritesViewController.swift in Sources */ = {isa = PBXBuildFile; fileRef = 99042FB7283D508A00B3F02D /* FavouritesViewController.swift */; };
		99042FBB283D6F9200B3F02D /* SettingsCoordinator.swift in Sources */ = {isa = PBXBuildFile; fileRef = 99042FBA283D6F9200B3F02D /* SettingsCoordinator.swift */; };
		99042FBD283D70B100B3F02D /* SettingsViewController.swift in Sources */ = {isa = PBXBuildFile; fileRef = 99042FBC283D70B100B3F02D /* SettingsViewController.swift */; };
		998A6248283D398A00374D0C /* AppDelegate.swift in Sources */ = {isa = PBXBuildFile; fileRef = 998A6247283D398A00374D0C /* AppDelegate.swift */; };
		998A624A283D398A00374D0C /* SceneDelegate.swift in Sources */ = {isa = PBXBuildFile; fileRef = 998A6249283D398A00374D0C /* SceneDelegate.swift */; };
		998A6251283D398A00374D0C /* Assets.xcassets in Resources */ = {isa = PBXBuildFile; fileRef = 998A6250283D398A00374D0C /* Assets.xcassets */; };
		998A6254283D398A00374D0C /* LaunchScreen.storyboard in Resources */ = {isa = PBXBuildFile; fileRef = 998A6252283D398A00374D0C /* LaunchScreen.storyboard */; };
		998A625C283D4A0B00374D0C /* MainTabBarController.swift in Sources */ = {isa = PBXBuildFile; fileRef = 998A625B283D4A0B00374D0C /* MainTabBarController.swift */; };
		998A6260283D4C4800374D0C /* HomeCoordinator.swift in Sources */ = {isa = PBXBuildFile; fileRef = 998A625F283D4C4800374D0C /* HomeCoordinator.swift */; };
/* End PBXBuildFile section */

/* Begin PBXFileReference section */
		99042FB2283D4E5400B3F02D /* HomeViewController.swift */ = {isa = PBXFileReference; lastKnownFileType = sourcecode.swift; path = HomeViewController.swift; sourceTree = "<group>"; };
		99042FB5283D507D00B3F02D /* FavouritesCoordinator.swift */ = {isa = PBXFileReference; lastKnownFileType = sourcecode.swift; path = FavouritesCoordinator.swift; sourceTree = "<group>"; };
		99042FB7283D508A00B3F02D /* FavouritesViewController.swift */ = {isa = PBXFileReference; lastKnownFileType = sourcecode.swift; path = FavouritesViewController.swift; sourceTree = "<group>"; };
		99042FBA283D6F9200B3F02D /* SettingsCoordinator.swift */ = {isa = PBXFileReference; lastKnownFileType = sourcecode.swift; path = SettingsCoordinator.swift; sourceTree = "<group>"; };
		99042FBC283D70B100B3F02D /* SettingsViewController.swift */ = {isa = PBXFileReference; lastKnownFileType = sourcecode.swift; path = SettingsViewController.swift; sourceTree = "<group>"; };
		998A6244283D398A00374D0C /* ZooMarket.app */ = {isa = PBXFileReference; explicitFileType = wrapper.application; includeInIndex = 0; path = ZooMarket.app; sourceTree = BUILT_PRODUCTS_DIR; };
		998A6247283D398A00374D0C /* AppDelegate.swift */ = {isa = PBXFileReference; lastKnownFileType = sourcecode.swift; path = AppDelegate.swift; sourceTree = "<group>"; };
		998A6249283D398A00374D0C /* SceneDelegate.swift */ = {isa = PBXFileReference; lastKnownFileType = sourcecode.swift; path = SceneDelegate.swift; sourceTree = "<group>"; };
		998A6250283D398A00374D0C /* Assets.xcassets */ = {isa = PBXFileReference; lastKnownFileType = folder.assetcatalog; path = Assets.xcassets; sourceTree = "<group>"; };
		998A6253283D398A00374D0C /* Base */ = {isa = PBXFileReference; lastKnownFileType = file.storyboard; name = Base; path = Base.lproj/LaunchScreen.storyboard; sourceTree = "<group>"; };
		998A6255283D398A00374D0C /* Info.plist */ = {isa = PBXFileReference; lastKnownFileType = text.plist.xml; path = Info.plist; sourceTree = "<group>"; };
		998A625B283D4A0B00374D0C /* MainTabBarController.swift */ = {isa = PBXFileReference; lastKnownFileType = sourcecode.swift; path = MainTabBarController.swift; sourceTree = "<group>"; };
		998A625F283D4C4800374D0C /* HomeCoordinator.swift */ = {isa = PBXFileReference; lastKnownFileType = sourcecode.swift; path = HomeCoordinator.swift; sourceTree = "<group>"; };
/* End PBXFileReference section */

/* Begin PBXFrameworksBuildPhase section */
		998A6241283D398A00374D0C /* Frameworks */ = {
			isa = PBXFrameworksBuildPhase;
			buildActionMask = 2147483647;
			files = (
			);
			runOnlyForDeploymentPostprocessing = 0;
		};
/* End PBXFrameworksBuildPhase section */

/* Begin PBXGroup section */
		99042FB4283D506400B3F02D /* Favourites */ = {
			isa = PBXGroup;
			children = (
				99042FB5283D507D00B3F02D /* FavouritesCoordinator.swift */,
				99042FB7283D508A00B3F02D /* FavouritesViewController.swift */,
			);
			path = Favourites;
			sourceTree = "<group>";
		};
		99042FB9283D6F7100B3F02D /* Settings */ = {
			isa = PBXGroup;
			children = (
				99042FBA283D6F9200B3F02D /* SettingsCoordinator.swift */,
				99042FBC283D70B100B3F02D /* SettingsViewController.swift */,
			);
			path = Settings;
			sourceTree = "<group>";
		};
		998A623B283D398A00374D0C = {
			isa = PBXGroup;
			children = (
				998A6246283D398A00374D0C /* ZooMarket */,
				998A6245283D398A00374D0C /* Products */,
			);
			sourceTree = "<group>";
		};
		998A6245283D398A00374D0C /* Products */ = {
			isa = PBXGroup;
			children = (
				998A6244283D398A00374D0C /* ZooMarket.app */,
			);
			name = Products;
			sourceTree = "<group>";
		};
		998A6246283D398A00374D0C /* ZooMarket */ = {
			isa = PBXGroup;
			children = (
				998A6247283D398A00374D0C /* AppDelegate.swift */,
				998A6249283D398A00374D0C /* SceneDelegate.swift */,
				998A625B283D4A0B00374D0C /* MainTabBarController.swift */,
				998A625D283D4BB400374D0C /* Scenes */,
				998A6250283D398A00374D0C /* Assets.xcassets */,
				998A6252283D398A00374D0C /* LaunchScreen.storyboard */,
				998A6255283D398A00374D0C /* Info.plist */,
			);
			path = ZooMarket;
			sourceTree = "<group>";
		};
		998A625D283D4BB400374D0C /* Scenes */ = {
			isa = PBXGroup;
			children = (
				99042FB9283D6F7100B3F02D /* Settings */,
				99042FB4283D506400B3F02D /* Favourites */,
				998A625E283D4C0600374D0C /* Home */,
			);
			path = Scenes;
			sourceTree = "<group>";
		};
		998A625E283D4C0600374D0C /* Home */ = {
			isa = PBXGroup;
			children = (
				998A625F283D4C4800374D0C /* HomeCoordinator.swift */,
				99042FB2283D4E5400B3F02D /* HomeViewController.swift */,
			);
			path = Home;
			sourceTree = "<group>";
		};
/* End PBXGroup section */

/* Begin PBXNativeTarget section */
		998A6243283D398A00374D0C /* ZooMarket */ = {
			isa = PBXNativeTarget;
			buildConfigurationList = 998A6258283D398A00374D0C /* Build configuration list for PBXNativeTarget "ZooMarket" */;
			buildPhases = (
				998A6240283D398A00374D0C /* Sources */,
				998A6241283D398A00374D0C /* Frameworks */,
				998A6242283D398A00374D0C /* Resources */,
			);
			buildRules = (
			);
			dependencies = (
			);
			name = ZooMarket;
			productName = ZooMarket;
			productReference = 998A6244283D398A00374D0C /* ZooMarket.app */;
			productType = "com.apple.product-type.application";
		};
/* End PBXNativeTarget section */

/* Begin PBXProject section */
		998A623C283D398A00374D0C /* Project object */ = {
			isa = PBXProject;
			attributes = {
				BuildIndependentTargetsInParallel = 1;
				LastSwiftUpdateCheck = 1340;
				LastUpgradeCheck = 1340;
				TargetAttributes = {
					998A6243283D398A00374D0C = {
						CreatedOnToolsVersion = 13.4;
					};
				};
			};
			buildConfigurationList = 998A623F283D398A00374D0C /* Build configuration list for PBXProject "ZooMarket" */;
			compatibilityVersion = "Xcode 13.0";
			developmentRegion = en;
			hasScannedForEncodings = 0;
			knownRegions = (
				en,
				Base,
			);
			mainGroup = 998A623B283D398A00374D0C;
			productRefGroup = 998A6245283D398A00374D0C /* Products */;
			projectDirPath = "";
			projectRoot = "";
			targets = (
				998A6243283D398A00374D0C /* ZooMarket */,
			);
		};
/* End PBXProject section */

/* Begin PBXResourcesBuildPhase section */
		998A6242283D398A00374D0C /* Resources */ = {
			isa = PBXResourcesBuildPhase;
			buildActionMask = 2147483647;
			files = (
				998A6254283D398A00374D0C /* LaunchScreen.storyboard in Resources */,
				998A6251283D398A00374D0C /* Assets.xcassets in Resources */,
			);
			runOnlyForDeploymentPostprocessing = 0;
		};
/* End PBXResourcesBuildPhase section */

/* Begin PBXSourcesBuildPhase section */
		998A6240283D398A00374D0C /* Sources */ = {
			isa = PBXSourcesBuildPhase;
			buildActionMask = 2147483647;
			files = (
				99042FB3283D4E5400B3F02D /* HomeViewController.swift in Sources */,
				99042FBB283D6F9200B3F02D /* SettingsCoordinator.swift in Sources */,
				998A6248283D398A00374D0C /* AppDelegate.swift in Sources */,
				99042FB6283D507D00B3F02D /* FavouritesCoordinator.swift in Sources */,
				998A6260283D4C4800374D0C /* HomeCoordinator.swift in Sources */,
				998A625C283D4A0B00374D0C /* MainTabBarController.swift in Sources */,
				99042FB8283D508A00B3F02D /* FavouritesViewController.swift in Sources */,
				998A624A283D398A00374D0C /* SceneDelegate.swift in Sources */,
				99042FBD283D70B100B3F02D /* SettingsViewController.swift in Sources */,
			);
			runOnlyForDeploymentPostprocessing = 0;
		};
/* End PBXSourcesBuildPhase section */

/* Begin PBXVariantGroup section */
		998A6252283D398A00374D0C /* LaunchScreen.storyboard */ = {
			isa = PBXVariantGroup;
			children = (
				998A6253283D398A00374D0C /* Base */,
			);
			name = LaunchScreen.storyboard;
			sourceTree = "<group>";
		};
/* End PBXVariantGroup section */

/* Begin XCBuildConfiguration section */
		998A6256283D398A00374D0C /* Debug */ = {
			isa = XCBuildConfiguration;
			buildSettings = {
				ALWAYS_SEARCH_USER_PATHS = NO;
				CLANG_ANALYZER_NONNULL = YES;
				CLANG_ANALYZER_NUMBER_OBJECT_CONVERSION = YES_AGGRESSIVE;
				CLANG_CXX_LANGUAGE_STANDARD = "gnu++17";
				CLANG_ENABLE_MODULES = YES;
				CLANG_ENABLE_OBJC_ARC = YES;
				CLANG_ENABLE_OBJC_WEAK = YES;
				CLANG_WARN_BLOCK_CAPTURE_AUTORELEASING = YES;
				CLANG_WARN_BOOL_CONVERSION = YES;
				CLANG_WARN_COMMA = YES;
				CLANG_WARN_CONSTANT_CONVERSION = YES;
				CLANG_WARN_DEPRECATED_OBJC_IMPLEMENTATIONS = YES;
				CLANG_WARN_DIRECT_OBJC_ISA_USAGE = YES_ERROR;
				CLANG_WARN_DOCUMENTATION_COMMENTS = YES;
				CLANG_WARN_EMPTY_BODY = YES;
				CLANG_WARN_ENUM_CONVERSION = YES;
				CLANG_WARN_INFINITE_RECURSION = YES;
				CLANG_WARN_INT_CONVERSION = YES;
				CLANG_WARN_NON_LITERAL_NULL_CONVERSION = YES;
				CLANG_WARN_OBJC_IMPLICIT_RETAIN_SELF = YES;
				CLANG_WARN_OBJC_LITERAL_CONVERSION = YES;
				CLANG_WARN_OBJC_ROOT_CLASS = YES_ERROR;
				CLANG_WARN_QUOTED_INCLUDE_IN_FRAMEWORK_HEADER = YES;
				CLANG_WARN_RANGE_LOOP_ANALYSIS = YES;
				CLANG_WARN_STRICT_PROTOTYPES = YES;
				CLANG_WARN_SUSPICIOUS_MOVE = YES;
				CLANG_WARN_UNGUARDED_AVAILABILITY = YES_AGGRESSIVE;
				CLANG_WARN_UNREACHABLE_CODE = YES;
				CLANG_WARN__DUPLICATE_METHOD_MATCH = YES;
				COPY_PHASE_STRIP = NO;
				DEBUG_INFORMATION_FORMAT = dwarf;
				ENABLE_STRICT_OBJC_MSGSEND = YES;
				ENABLE_TESTABILITY = YES;
				GCC_C_LANGUAGE_STANDARD = gnu11;
				GCC_DYNAMIC_NO_PIC = NO;
				GCC_NO_COMMON_BLOCKS = YES;
				GCC_OPTIMIZATION_LEVEL = 0;
				GCC_PREPROCESSOR_DEFINITIONS = (
					"DEBUG=1",
					"$(inherited)",
				);
				GCC_WARN_64_TO_32_BIT_CONVERSION = YES;
				GCC_WARN_ABOUT_RETURN_TYPE = YES_ERROR;
				GCC_WARN_UNDECLARED_SELECTOR = YES;
				GCC_WARN_UNINITIALIZED_AUTOS = YES_AGGRESSIVE;
				GCC_WARN_UNUSED_FUNCTION = YES;
				GCC_WARN_UNUSED_VARIABLE = YES;
				IPHONEOS_DEPLOYMENT_TARGET = 15.5;
				MTL_ENABLE_DEBUG_INFO = INCLUDE_SOURCE;
				MTL_FAST_MATH = YES;
				ONLY_ACTIVE_ARCH = YES;
				SDKROOT = iphoneos;
				SWIFT_ACTIVE_COMPILATION_CONDITIONS = DEBUG;
				SWIFT_OPTIMIZATION_LEVEL = "-Onone";
			};
			name = Debug;
		};
		998A6257283D398A00374D0C /* Release */ = {
			isa = XCBuildConfiguration;
			buildSettings = {
				ALWAYS_SEARCH_USER_PATHS = NO;
				CLANG_ANALYZER_NONNULL = YES;
				CLANG_ANALYZER_NUMBER_OBJECT_CONVERSION = YES_AGGRESSIVE;
				CLANG_CXX_LANGUAGE_STANDARD = "gnu++17";
				CLANG_ENABLE_MODULES = YES;
				CLANG_ENABLE_OBJC_ARC = YES;
				CLANG_ENABLE_OBJC_WEAK = YES;
				CLANG_WARN_BLOCK_CAPTURE_AUTORELEASING = YES;
				CLANG_WARN_BOOL_CONVERSION = YES;
				CLANG_WARN_COMMA = YES;
				CLANG_WARN_CONSTANT_CONVERSION = YES;
				CLANG_WARN_DEPRECATED_OBJC_IMPLEMENTATIONS = YES;
				CLANG_WARN_DIRECT_OBJC_ISA_USAGE = YES_ERROR;
				CLANG_WARN_DOCUMENTATION_COMMENTS = YES;
				CLANG_WARN_EMPTY_BODY = YES;
				CLANG_WARN_ENUM_CONVERSION = YES;
				CLANG_WARN_INFINITE_RECURSION = YES;
				CLANG_WARN_INT_CONVERSION = YES;
				CLANG_WARN_NON_LITERAL_NULL_CONVERSION = YES;
				CLANG_WARN_OBJC_IMPLICIT_RETAIN_SELF = YES;
				CLANG_WARN_OBJC_LITERAL_CONVERSION = YES;
				CLANG_WARN_OBJC_ROOT_CLASS = YES_ERROR;
				CLANG_WARN_QUOTED_INCLUDE_IN_FRAMEWORK_HEADER = YES;
				CLANG_WARN_RANGE_LOOP_ANALYSIS = YES;
				CLANG_WARN_STRICT_PROTOTYPES = YES;
				CLANG_WARN_SUSPICIOUS_MOVE = YES;
				CLANG_WARN_UNGUARDED_AVAILABILITY = YES_AGGRESSIVE;
				CLANG_WARN_UNREACHABLE_CODE = YES;
				CLANG_WARN__DUPLICATE_METHOD_MATCH = YES;
				COPY_PHASE_STRIP = NO;
				DEBUG_INFORMATION_FORMAT = "dwarf-with-dsym";
				ENABLE_NS_ASSERTIONS = NO;
				ENABLE_STRICT_OBJC_MSGSEND = YES;
				GCC_C_LANGUAGE_STANDARD = gnu11;
				GCC_NO_COMMON_BLOCKS = YES;
				GCC_WARN_64_TO_32_BIT_CONVERSION = YES;
				GCC_WARN_ABOUT_RETURN_TYPE = YES_ERROR;
				GCC_WARN_UNDECLARED_SELECTOR = YES;
				GCC_WARN_UNINITIALIZED_AUTOS = YES_AGGRESSIVE;
				GCC_WARN_UNUSED_FUNCTION = YES;
				GCC_WARN_UNUSED_VARIABLE = YES;
				IPHONEOS_DEPLOYMENT_TARGET = 15.5;
				MTL_ENABLE_DEBUG_INFO = NO;
				MTL_FAST_MATH = YES;
				SDKROOT = iphoneos;
				SWIFT_COMPILATION_MODE = wholemodule;
				SWIFT_OPTIMIZATION_LEVEL = "-O";
				VALIDATE_PRODUCT = YES;
			};
			name = Release;
		};
		998A6259283D398A00374D0C /* Debug */ = {
			isa = XCBuildConfiguration;
			buildSettings = {
				ASSETCATALOG_COMPILER_APPICON_NAME = AppIcon;
				ASSETCATALOG_COMPILER_GLOBAL_ACCENT_COLOR_NAME = AccentColor;
				CODE_SIGN_STYLE = Automatic;
				CURRENT_PROJECT_VERSION = 1;
				GENERATE_INFOPLIST_FILE = YES;
				INFOPLIST_FILE = ZooMarket/Info.plist;
				INFOPLIST_KEY_UIApplicationSupportsIndirectInputEvents = YES;
				INFOPLIST_KEY_UILaunchStoryboardName = LaunchScreen;
				INFOPLIST_KEY_UISupportedInterfaceOrientations_iPad = "UIInterfaceOrientationPortrait UIInterfaceOrientationPortraitUpsideDown UIInterfaceOrientationLandscapeLeft UIInterfaceOrientationLandscapeRight";
				INFOPLIST_KEY_UISupportedInterfaceOrientations_iPhone = "UIInterfaceOrientationPortrait UIInterfaceOrientationLandscapeLeft UIInterfaceOrientationLandscapeRight";
				IPHONEOS_DEPLOYMENT_TARGET = 13.0;
				LD_RUNPATH_SEARCH_PATHS = (
					"$(inherited)",
					"@executable_path/Frameworks",
				);
				MARKETING_VERSION = 1.0;
				PRODUCT_BUNDLE_IDENTIFIER = am.edgararakelyan.ZooMarket;
				PRODUCT_NAME = "$(TARGET_NAME)";
				SWIFT_EMIT_LOC_STRINGS = YES;
				SWIFT_VERSION = 5.0;
				TARGETED_DEVICE_FAMILY = "1,2";
			};
			name = Debug;
		};
		998A625A283D398A00374D0C /* Release */ = {
			isa = XCBuildConfiguration;
			buildSettings = {
				ASSETCATALOG_COMPILER_APPICON_NAME = AppIcon;
				ASSETCATALOG_COMPILER_GLOBAL_ACCENT_COLOR_NAME = AccentColor;
				CODE_SIGN_STYLE = Automatic;
				CURRENT_PROJECT_VERSION = 1;
				GENERATE_INFOPLIST_FILE = YES;
				INFOPLIST_FILE = ZooMarket/Info.plist;
				INFOPLIST_KEY_UIApplicationSupportsIndirectInputEvents = YES;
				INFOPLIST_KEY_UILaunchStoryboardName = LaunchScreen;
				INFOPLIST_KEY_UISupportedInterfaceOrientations_iPad = "UIInterfaceOrientationPortrait UIInterfaceOrientationPortraitUpsideDown UIInterfaceOrientationLandscapeLeft UIInterfaceOrientationLandscapeRight";
				INFOPLIST_KEY_UISupportedInterfaceOrientations_iPhone = "UIInterfaceOrientationPortrait UIInterfaceOrientationLandscapeLeft UIInterfaceOrientationLandscapeRight";
				IPHONEOS_DEPLOYMENT_TARGET = 13.0;
				LD_RUNPATH_SEARCH_PATHS = (
					"$(inherited)",
					"@executable_path/Frameworks",
				);
				MARKETING_VERSION = 1.0;
				PRODUCT_BUNDLE_IDENTIFIER = am.edgararakelyan.ZooMarket;
				PRODUCT_NAME = "$(TARGET_NAME)";
				SWIFT_EMIT_LOC_STRINGS = YES;
				SWIFT_VERSION = 5.0;
				TARGETED_DEVICE_FAMILY = "1,2";
			};
			name = Release;
		};
/* End XCBuildConfiguration section */

/* Begin XCConfigurationList section */
		998A623F283D398A00374D0C /* Build configuration list for PBXProject "ZooMarket" */ = {
			isa = XCConfigurationList;
			buildConfigurations = (
				998A6256283D398A00374D0C /* Debug */,
				998A6257283D398A00374D0C /* Release */,
			);
			defaultConfigurationIsVisible = 0;
			defaultConfigurationName = Release;
		};
		998A6258283D398A00374D0C /* Build configuration list for PBXNativeTarget "ZooMarket" */ = {
			isa = XCConfigurationList;
			buildConfigurations = (
				998A6259283D398A00374D0C /* Debug */,
				998A625A283D398A00374D0C /* Release */,
			);
			defaultConfigurationIsVisible = 0;
			defaultConfigurationName = Release;
		};
/* End XCConfigurationList section */
	};
	rootObject = 998A623C283D398A00374D0C /* Project object */;
}
